{
  "version": 4,
  "terraform_version": "1.7.3",
  "serial": 14,
  "lineage": "55961214-e0c4-b775-4cf0-f204d033b9fc",
  "outputs": {
    "app-service-plan-id": {
      "value": "/subscriptions/92808db3-50ab-4683-aa51-6e143207670b/resourceGroups/rg-epam-app-dev/providers/Microsoft.Web/serverFarms/epam-app-plan",
      "type": "string"
    },
    "key_vault_id": {
      "value": "/subscriptions/92808db3-50ab-4683-aa51-6e143207670b/resourceGroups/rg-epam-app-dev/providers/Microsoft.KeyVault/vaults/epam-app-key-vault1",
      "type": "string"
    },
    "sql-admin-secret-id": {
      "value": "https://epam-app-key-vault1.vault.azure.net/secrets/sql-admin-password/a3278595f53c459aba72c937e766e559",
      "type": "string"
    },
    "sql_admin_password": {
      "value": "oj8[*%]0Dk)ctz@:",
      "type": "string",
      "sensitive": true
    },
    "sql_database_name": {
      "value": "sqldb-epam-app",
      "type": "string"
    },
    "sql_server_name": {
      "value": "sql-server1-epam-app",
      "type": "string"
    },
    "web-app-name": {
      "value": "epam-app-web1",
      "type": "string"
    }
  },
  "resources": [
    {
      "mode": "data",
      "type": "azurerm_key_vault",
      "name": "keyvault",
      "provider": "provider[\"registry.terraform.io/hashicorp/azurerm\"]",
      "instances": [
        {
          "schema_version": 0,
          "attributes": {
            "access_policy": [
              {
                "application_id": "",
                "certificate_permissions": [],
                "key_permissions": [
                  "Create",
                  "Get"
                ],
                "object_id": "64f4216a-2f52-4abc-92c1-22f63245016a",
                "secret_permissions": [
                  "Set",
                  "Get",
                  "Delete",
                  "Purge",
                  "Recover"
                ],
                "storage_permissions": [],
                "tenant_id": "b41b72d0-4e9f-4c26-8a69-f949f367c91d"
              }
            ],
            "enable_rbac_authorization": false,
            "enabled_for_deployment": false,
            "enabled_for_disk_encryption": false,
            "enabled_for_template_deployment": false,
            "id": "/subscriptions/92808db3-50ab-4683-aa51-6e143207670b/resourceGroups/rg-epam-app-dev/providers/Microsoft.KeyVault/vaults/epam-app-key-vault1",
            "location": "eastus",
            "name": "epam-app-key-vault1",
            "network_acls": [],
            "public_network_access_enabled": true,
            "purge_protection_enabled": false,
            "resource_group_name": "rg-epam-app-dev",
            "sku_name": "standard",
            "tags": {},
            "tenant_id": "b41b72d0-4e9f-4c26-8a69-f949f367c91d",
            "timeouts": null,
            "vault_uri": "https://epam-app-key-vault1.vault.azure.net/"
          },
          "sensitive_attributes": []
        }
      ]
    },
    {
      "mode": "data",
      "type": "azurerm_key_vault_secret",
      "name": "sql_connection_string",
      "provider": "provider[\"registry.terraform.io/hashicorp/azurerm\"]",
      "instances": [
        {
          "schema_version": 0,
          "attributes": {
            "content_type": "",
            "expiration_date": null,
            "id": "https://epam-app-key-vault1.vault.azure.net/secrets/sql-admin-password/a3278595f53c459aba72c937e766e559",
            "key_vault_id": "/subscriptions/92808db3-50ab-4683-aa51-6e143207670b/resourceGroups/rg-epam-app-dev/providers/Microsoft.KeyVault/vaults/epam-app-key-vault1",
            "name": "sql-admin-password",
            "not_before_date": null,
            "resource_id": "/subscriptions/92808db3-50ab-4683-aa51-6e143207670b/resourceGroups/rg-epam-app-dev/providers/Microsoft.KeyVault/vaults/epam-app-key-vault1/secrets/sql-admin-password/versions/a3278595f53c459aba72c937e766e559",
            "resource_versionless_id": "/subscriptions/92808db3-50ab-4683-aa51-6e143207670b/resourceGroups/rg-epam-app-dev/providers/Microsoft.KeyVault/vaults/epam-app-key-vault1/secrets/sql-admin-password",
            "tags": {},
            "timeouts": null,
            "value": "oj8[*%]0Dk)ctz@:",
            "version": "a3278595f53c459aba72c937e766e559",
            "versionless_id": "https://epam-app-key-vault1.vault.azure.net/secrets/sql-admin-password"
          },
          "sensitive_attributes": []
        }
      ]
    },
    {
      "mode": "managed",
      "type": "azurerm_resource_group",
      "name": "rg-epam-dev",
      "provider": "provider[\"registry.terraform.io/hashicorp/azurerm\"]",
      "instances": [
        {
          "schema_version": 0,
          "attributes": {
            "id": "/subscriptions/92808db3-50ab-4683-aa51-6e143207670b/resourceGroups/rg-epam-app-dev",
            "location": "eastus",
            "managed_by": "",
            "name": "rg-epam-app-dev",
            "tags": null,
            "timeouts": null
          },
          "sensitive_attributes": [],
          "private": "eyJlMmJmYjczMC1lY2FhLTExZTYtOGY4OC0zNDM2M2JjN2M0YzAiOnsiY3JlYXRlIjo1NDAwMDAwMDAwMDAwLCJkZWxldGUiOjU0MDAwMDAwMDAwMDAsInJlYWQiOjMwMDAwMDAwMDAwMCwidXBkYXRlIjo1NDAwMDAwMDAwMDAwfX0="
        }
      ]
    },
    {
      "module": "module.key-vault",
      "mode": "data",
      "type": "azurerm_client_config",
      "name": "current",
      "provider": "provider[\"registry.terraform.io/hashicorp/azurerm\"]",
      "instances": [
        {
          "schema_version": 0,
          "attributes": {
            "client_id": "04b07795-8ddb-461a-bbee-02f9e1bf7b46",
            "id": "Y2xpZW50Q29uZmlncy9jbGllbnRJZD0wNGIwNzc5NS04ZGRiLTQ2MWEtYmJlZS0wMmY5ZTFiZjdiNDY7b2JqZWN0SWQ9NjRmNDIxNmEtMmY1Mi00YWJjLTkyYzEtMjJmNjMyNDUwMTZhO3N1YnNjcmlwdGlvbklkPTkyODA4ZGIzLTUwYWItNDY4My1hYTUxLTZlMTQzMjA3NjcwYjt0ZW5hbnRJZD1iNDFiNzJkMC00ZTlmLTRjMjYtOGE2OS1mOTQ5ZjM2N2M5MWQ=",
            "object_id": "64f4216a-2f52-4abc-92c1-22f63245016a",
            "subscription_id": "92808db3-50ab-4683-aa51-6e143207670b",
            "tenant_id": "b41b72d0-4e9f-4c26-8a69-f949f367c91d",
            "timeouts": null
          },
          "sensitive_attributes": []
        }
      ]
    },
    {
      "module": "module.key-vault",
      "mode": "managed",
      "type": "azurerm_key_vault",
      "name": "key-vault",
      "provider": "provider[\"registry.terraform.io/hashicorp/azurerm\"]",
      "instances": [
        {
          "schema_version": 2,
          "attributes": {
            "access_policy": [
              {
                "application_id": "",
                "certificate_permissions": null,
                "key_permissions": [
                  "Create",
                  "Get"
                ],
                "object_id": "64f4216a-2f52-4abc-92c1-22f63245016a",
                "secret_permissions": [
                  "Set",
                  "Get",
                  "Delete",
                  "Purge",
                  "Recover"
                ],
                "storage_permissions": null,
                "tenant_id": "b41b72d0-4e9f-4c26-8a69-f949f367c91d"
              }
            ],
            "contact": [],
            "enable_rbac_authorization": false,
            "enabled_for_deployment": false,
            "enabled_for_disk_encryption": false,
            "enabled_for_template_deployment": false,
            "id": "/subscriptions/92808db3-50ab-4683-aa51-6e143207670b/resourceGroups/rg-epam-app-dev/providers/Microsoft.KeyVault/vaults/epam-app-key-vault1",
            "location": "eastus",
            "name": "epam-app-key-vault1",
            "network_acls": [
              {
                "bypass": "AzureServices",
                "default_action": "Allow",
                "ip_rules": [],
                "virtual_network_subnet_ids": []
              }
            ],
            "public_network_access_enabled": true,
            "purge_protection_enabled": false,
            "resource_group_name": "rg-epam-app-dev",
            "sku_name": "standard",
            "soft_delete_retention_days": 7,
            "tags": null,
            "tenant_id": "b41b72d0-4e9f-4c26-8a69-f949f367c91d",
            "timeouts": null,
            "vault_uri": "https://epam-app-key-vault1.vault.azure.net/"
          },
          "sensitive_attributes": [],
          "private": "eyJlMmJmYjczMC1lY2FhLTExZTYtOGY4OC0zNDM2M2JjN2M0YzAiOnsiY3JlYXRlIjoxODAwMDAwMDAwMDAwLCJkZWxldGUiOjE4MDAwMDAwMDAwMDAsInJlYWQiOjMwMDAwMDAwMDAwMCwidXBkYXRlIjoxODAwMDAwMDAwMDAwfSwic2NoZW1hX3ZlcnNpb24iOiIyIn0=",
          "dependencies": [
            "azurerm_resource_group.rg-epam-dev",
            "module.key-vault.data.azurerm_client_config.current"
          ]
        }
      ]
    },
    {
      "module": "module.key-vault",
      "mode": "managed",
      "type": "azurerm_key_vault_secret",
      "name": "sql_admin_secret",
      "provider": "provider[\"registry.terraform.io/hashicorp/azurerm\"]",
      "instances": [
        {
          "schema_version": 0,
          "attributes": {
            "content_type": "",
            "expiration_date": null,
            "id": "https://epam-app-key-vault1.vault.azure.net/secrets/sql-admin-password/a3278595f53c459aba72c937e766e559",
            "key_vault_id": "/subscriptions/92808db3-50ab-4683-aa51-6e143207670b/resourceGroups/rg-epam-app-dev/providers/Microsoft.KeyVault/vaults/epam-app-key-vault1",
            "name": "sql-admin-password",
            "not_before_date": null,
            "resource_id": "/subscriptions/92808db3-50ab-4683-aa51-6e143207670b/resourceGroups/rg-epam-app-dev/providers/Microsoft.KeyVault/vaults/epam-app-key-vault1/secrets/sql-admin-password/versions/a3278595f53c459aba72c937e766e559",
            "resource_versionless_id": "/subscriptions/92808db3-50ab-4683-aa51-6e143207670b/resourceGroups/rg-epam-app-dev/providers/Microsoft.KeyVault/vaults/epam-app-key-vault1/secrets/sql-admin-password",
            "tags": null,
            "timeouts": null,
            "value": "oj8[*%]0Dk)ctz@:",
            "version": "a3278595f53c459aba72c937e766e559",
            "versionless_id": "https://epam-app-key-vault1.vault.azure.net/secrets/sql-admin-password"
          },
          "sensitive_attributes": [
            [
              {
                "type": "get_attr",
                "value": "value"
              }
            ]
          ],
          "private": "eyJlMmJmYjczMC1lY2FhLTExZTYtOGY4OC0zNDM2M2JjN2M0YzAiOnsiY3JlYXRlIjoxODAwMDAwMDAwMDAwLCJkZWxldGUiOjE4MDAwMDAwMDAwMDAsInJlYWQiOjE4MDAwMDAwMDAwMDAsInVwZGF0ZSI6MTgwMDAwMDAwMDAwMH19",
          "dependencies": [
            "azurerm_resource_group.rg-epam-dev",
            "module.key-vault.azurerm_key_vault.key-vault",
            "module.key-vault.data.azurerm_client_config.current",
            "module.key-vault.random_password.sql_admin_password"
          ]
        }
      ]
    },
    {
      "module": "module.key-vault",
      "mode": "managed",
      "type": "random_password",
      "name": "sql_admin_password",
      "provider": "provider[\"registry.terraform.io/hashicorp/random\"]",
      "instances": [
        {
          "schema_version": 3,
          "attributes": {
            "bcrypt_hash": "$2a$10$GfG1Gx13dfAerHX6qDZOnOdZJv4FqR4z/hCt7lXrXtLDPU0WbS6ca",
            "id": "none",
            "keepers": null,
            "length": 16,
            "lower": true,
            "min_lower": 0,
            "min_numeric": 0,
            "min_special": 0,
            "min_upper": 0,
            "number": true,
            "numeric": true,
            "override_special": null,
            "result": "oj8[*%]0Dk)ctz@:",
            "special": true,
            "upper": true
          },
          "sensitive_attributes": [],
          "dependencies": [
            "azurerm_resource_group.rg-epam-dev"
          ]
        }
      ]
    },
    {
      "module": "module.sqldb-epam-dev",
      "mode": "managed",
      "type": "azurerm_mssql_database",
      "name": "sqldb-epam-dev",
      "provider": "provider[\"registry.terraform.io/hashicorp/azurerm\"]",
      "instances": [
        {
          "schema_version": 1,
          "attributes": {
            "auto_pause_delay_in_minutes": 0,
            "collation": "SQL_Latin1_General_CP1_CI_AS",
            "create_mode": "Default",
            "creation_source_database_id": null,
            "elastic_pool_id": "",
            "enclave_type": "VBS",
            "geo_backup_enabled": true,
            "id": "/subscriptions/92808db3-50ab-4683-aa51-6e143207670b/resourceGroups/rg-epam-app-dev/providers/Microsoft.Sql/servers/sql-server1-epam-app/databases/sqldb-epam-app",
            "identity": [],
            "import": [],
            "ledger_enabled": false,
            "license_type": "LicenseIncluded",
            "long_term_retention_policy": [
              {
                "immutable_backups_enabled": false,
                "monthly_retention": "PT0S",
                "week_of_year": 1,
                "weekly_retention": "PT0S",
                "yearly_retention": "PT0S"
              }
            ],
            "maintenance_configuration_name": "SQL_Default",
            "max_size_gb": 1,
            "min_capacity": 0,
            "name": "sqldb-epam-app",
            "read_replica_count": 0,
            "read_scale": true,
            "recover_database_id": null,
            "recovery_point_id": null,
            "restore_dropped_database_id": null,
            "restore_long_term_retention_backup_id": null,
            "restore_point_in_time": null,
            "sample_name": null,
            "secondary_type": "",
            "server_id": "/subscriptions/92808db3-50ab-4683-aa51-6e143207670b/resourceGroups/rg-epam-app-dev/providers/Microsoft.Sql/servers/sql-server1-epam-app",
            "short_term_retention_policy": [
              {
                "backup_interval_in_hours": 24,
                "retention_days": 7
              }
            ],
            "sku_name": "P1",
            "storage_account_type": "Geo",
            "tags": null,
            "threat_detection_policy": [
              {
                "disabled_alerts": [],
                "email_account_admins": "Disabled",
                "email_addresses": [],
                "retention_days": 0,
                "state": "Disabled",
                "storage_account_access_key": "",
                "storage_endpoint": ""
              }
            ],
            "timeouts": null,
            "transparent_data_encryption_enabled": true,
            "transparent_data_encryption_key_automatic_rotation_enabled": false,
            "transparent_data_encryption_key_vault_key_id": "",
            "zone_redundant": true
          },
          "sensitive_attributes": [],
          "private": "eyJlMmJmYjczMC1lY2FhLTExZTYtOGY4OC0zNDM2M2JjN2M0YzAiOnsiY3JlYXRlIjozNjAwMDAwMDAwMDAwLCJkZWxldGUiOjM2MDAwMDAwMDAwMDAsInJlYWQiOjMwMDAwMDAwMDAwMCwidXBkYXRlIjozNjAwMDAwMDAwMDAwfSwic2NoZW1hX3ZlcnNpb24iOiIxIn0=",
          "dependencies": [
            "azurerm_resource_group.rg-epam-dev",
            "module.key-vault.azurerm_key_vault.key-vault",
            "module.key-vault.azurerm_key_vault_secret.sql_admin_secret",
            "module.key-vault.data.azurerm_client_config.current",
            "module.key-vault.random_password.sql_admin_password",
            "module.sqldb-epam-dev.azurerm_mssql_server.sqlserver-epam-dev"
          ]
        }
      ]
    },
    {
      "module": "module.sqldb-epam-dev",
      "mode": "managed",
      "type": "azurerm_mssql_firewall_rule",
      "name": "allow_azure_services",
      "provider": "provider[\"registry.terraform.io/hashicorp/azurerm\"]",
      "instances": [
        {
          "schema_version": 0,
          "attributes": {
            "end_ip_address": "0.0.0.0",
            "id": "/subscriptions/92808db3-50ab-4683-aa51-6e143207670b/resourceGroups/rg-epam-app-dev/providers/Microsoft.Sql/servers/sql-server1-epam-app/firewallRules/AllowAzureServices",
            "name": "AllowAzureServices",
            "server_id": "/subscriptions/92808db3-50ab-4683-aa51-6e143207670b/resourceGroups/rg-epam-app-dev/providers/Microsoft.Sql/servers/sql-server1-epam-app",
            "start_ip_address": "0.0.0.0",
            "timeouts": null
          },
          "sensitive_attributes": [],
          "private": "eyJlMmJmYjczMC1lY2FhLTExZTYtOGY4OC0zNDM2M2JjN2M0YzAiOnsiY3JlYXRlIjoxODAwMDAwMDAwMDAwLCJkZWxldGUiOjE4MDAwMDAwMDAwMDAsInJlYWQiOjMwMDAwMDAwMDAwMCwidXBkYXRlIjoxODAwMDAwMDAwMDAwfX0=",
          "dependencies": [
            "azurerm_resource_group.rg-epam-dev",
            "module.key-vault.azurerm_key_vault.key-vault",
            "module.key-vault.azurerm_key_vault_secret.sql_admin_secret",
            "module.key-vault.data.azurerm_client_config.current",
            "module.key-vault.random_password.sql_admin_password",
            "module.sqldb-epam-dev.azurerm_mssql_server.sqlserver-epam-dev"
          ]
        }
      ]
    },
    {
      "module": "module.sqldb-epam-dev",
      "mode": "managed",
      "type": "azurerm_mssql_firewall_rule",
      "name": "allow_specific_ips",
      "provider": "provider[\"registry.terraform.io/hashicorp/azurerm\"]",
      "instances": [
        {
          "index_key": "ExternalIP",
          "schema_version": 0,
          "attributes": {
            "end_ip_address": "45.159.74.78",
            "id": "/subscriptions/92808db3-50ab-4683-aa51-6e143207670b/resourceGroups/rg-epam-app-dev/providers/Microsoft.Sql/servers/sql-server1-epam-app/firewallRules/ExternalIP",
            "name": "ExternalIP",
            "server_id": "/subscriptions/92808db3-50ab-4683-aa51-6e143207670b/resourceGroups/rg-epam-app-dev/providers/Microsoft.Sql/servers/sql-server1-epam-app",
            "start_ip_address": "45.159.74.78",
            "timeouts": null
          },
          "sensitive_attributes": [],
          "private": "eyJlMmJmYjczMC1lY2FhLTExZTYtOGY4OC0zNDM2M2JjN2M0YzAiOnsiY3JlYXRlIjoxODAwMDAwMDAwMDAwLCJkZWxldGUiOjE4MDAwMDAwMDAwMDAsInJlYWQiOjMwMDAwMDAwMDAwMCwidXBkYXRlIjoxODAwMDAwMDAwMDAwfX0=",
          "dependencies": [
            "azurerm_resource_group.rg-epam-dev",
            "module.key-vault.azurerm_key_vault.key-vault",
            "module.key-vault.azurerm_key_vault_secret.sql_admin_secret",
            "module.key-vault.data.azurerm_client_config.current",
            "module.key-vault.random_password.sql_admin_password",
            "module.sqldb-epam-dev.azurerm_mssql_server.sqlserver-epam-dev"
          ]
        }
      ]
    },
    {
      "module": "module.sqldb-epam-dev",
      "mode": "managed",
      "type": "azurerm_mssql_server",
      "name": "sqlserver-epam-dev",
      "provider": "provider[\"registry.terraform.io/hashicorp/azurerm\"]",
      "instances": [
        {
          "schema_version": 0,
          "attributes": {
            "administrator_login": "sql-admin",
            "administrator_login_password": "oj8[*%]0Dk)ctz@:",
            "azuread_administrator": [],
            "connection_policy": "Default",
            "fully_qualified_domain_name": "sql-server1-epam-app.database.windows.net",
            "id": "/subscriptions/92808db3-50ab-4683-aa51-6e143207670b/resourceGroups/rg-epam-app-dev/providers/Microsoft.Sql/servers/sql-server1-epam-app",
            "identity": [],
            "location": "eastus",
            "minimum_tls_version": "1.2",
            "name": "sql-server1-epam-app",
            "outbound_network_restriction_enabled": false,
            "primary_user_assigned_identity_id": "",
            "public_network_access_enabled": true,
            "resource_group_name": "rg-epam-app-dev",
            "restorable_dropped_database_ids": [],
            "tags": null,
            "timeouts": null,
            "transparent_data_encryption_key_vault_key_id": "",
            "version": "12.0"
          },
          "sensitive_attributes": [
            [
              {
                "type": "get_attr",
                "value": "administrator_login_password"
              }
            ]
          ],
          "private": "eyJlMmJmYjczMC1lY2FhLTExZTYtOGY4OC0zNDM2M2JjN2M0YzAiOnsiY3JlYXRlIjozNjAwMDAwMDAwMDAwLCJkZWxldGUiOjM2MDAwMDAwMDAwMDAsInJlYWQiOjMwMDAwMDAwMDAwMCwidXBkYXRlIjozNjAwMDAwMDAwMDAwfX0=",
          "dependencies": [
            "azurerm_resource_group.rg-epam-dev",
            "module.key-vault.azurerm_key_vault.key-vault",
            "module.key-vault.azurerm_key_vault_secret.sql_admin_secret",
            "module.key-vault.data.azurerm_client_config.current",
            "module.key-vault.random_password.sql_admin_password"
          ]
        }
      ]
    },
    {
      "module": "module.web-app",
      "mode": "managed",
      "type": "azurerm_service_plan",
      "name": "asp1",
      "provider": "provider[\"registry.terraform.io/hashicorp/azurerm\"]",
      "instances": [
        {
          "schema_version": 1,
          "attributes": {
            "app_service_environment_id": "",
            "id": "/subscriptions/92808db3-50ab-4683-aa51-6e143207670b/resourceGroups/rg-epam-app-dev/providers/Microsoft.Web/serverFarms/epam-app-plan",
            "kind": "app",
            "location": "eastus",
            "maximum_elastic_worker_count": 1,
            "name": "epam-app-plan",
            "os_type": "Windows",
            "per_site_scaling_enabled": false,
            "reserved": false,
            "resource_group_name": "rg-epam-app-dev",
            "sku_name": "S1",
            "tags": null,
            "timeouts": null,
            "worker_count": 1,
            "zone_balancing_enabled": false
          },
          "sensitive_attributes": [],
          "private": "eyJlMmJmYjczMC1lY2FhLTExZTYtOGY4OC0zNDM2M2JjN2M0YzAiOnsiY3JlYXRlIjozNjAwMDAwMDAwMDAwLCJkZWxldGUiOjM2MDAwMDAwMDAwMDAsInJlYWQiOjMwMDAwMDAwMDAwMCwidXBkYXRlIjozNjAwMDAwMDAwMDAwfSwic2NoZW1hX3ZlcnNpb24iOiIxIn0=",
          "dependencies": [
            "azurerm_resource_group.rg-epam-dev",
            "module.key-vault.azurerm_key_vault.key-vault",
            "module.key-vault.azurerm_key_vault_secret.sql_admin_secret",
            "module.key-vault.data.azurerm_client_config.current",
            "module.key-vault.random_password.sql_admin_password",
            "module.sqldb-epam-dev.azurerm_mssql_database.sqldb-epam-dev",
            "module.sqldb-epam-dev.azurerm_mssql_firewall_rule.allow_azure_services",
            "module.sqldb-epam-dev.azurerm_mssql_firewall_rule.allow_specific_ips",
            "module.sqldb-epam-dev.azurerm_mssql_server.sqlserver-epam-dev"
          ]
        }
      ]
    },
    {
      "module": "module.web-app",
      "mode": "managed",
      "type": "azurerm_windows_web_app",
      "name": "as1",
      "provider": "provider[\"registry.terraform.io/hashicorp/azurerm\"]",
      "instances": [
        {
          "schema_version": 1,
          "attributes": {
            "app_settings": null,
            "auth_settings": [],
            "auth_settings_v2": [],
            "backup": [],
            "client_affinity_enabled": false,
            "client_certificate_enabled": false,
            "client_certificate_exclusion_paths": "",
            "client_certificate_mode": "Required",
            "connection_string": [
              {
                "name": "SQL_CONNECTION",
                "type": "SQLAzure",
                "value": "oj8[*%]0Dk)ctz@:"
              }
            ],
            "custom_domain_verification_id": "6692E2E3873E07E393C6708CA85AC0066572DD9FD5325DC460AEBFE04C73F405",
            "default_hostname": "epam-app-web1.azurewebsites.net",
            "enabled": true,
            "ftp_publish_basic_authentication_enabled": true,
            "hosting_environment_id": "",
            "https_only": false,
            "id": "/subscriptions/92808db3-50ab-4683-aa51-6e143207670b/resourceGroups/rg-epam-app-dev/providers/Microsoft.Web/sites/epam-app-web1",
            "identity": [],
            "key_vault_reference_identity_id": "SystemAssigned",
            "kind": "app",
            "location": "eastus",
            "logs": [],
            "name": "epam-app-web1",
            "outbound_ip_address_list": [
              "20.241.192.146",
              "20.241.192.227",
              "20.241.192.241",
              "20.241.193.14",
              "20.241.193.32",
              "20.241.193.210",
              "20.119.0.41"
            ],
            "outbound_ip_addresses": "20.241.192.146,20.241.192.227,20.241.192.241,20.241.193.14,20.241.193.32,20.241.193.210,20.119.0.41",
            "possible_outbound_ip_address_list": [
              "20.241.192.146",
              "20.241.192.227",
              "20.241.192.241",
              "20.241.193.14",
              "20.241.193.32",
              "20.241.193.210",
              "20.241.193.212",
              "20.241.193.217",
              "20.241.193.222",
              "20.241.193.226",
              "20.241.193.242",
              "20.241.194.42",
              "20.241.194.84",
              "20.241.196.146",
              "20.241.196.254",
              "20.241.197.35",
              "20.241.197.251",
              "20.241.198.10",
              "20.241.198.68",
              "20.241.198.99",
              "20.241.198.124",
              "20.241.198.129",
              "20.124.149.219",
              "20.241.198.201",
              "20.241.198.237",
              "20.241.198.241",
              "20.241.199.5",
              "20.241.199.59",
              "20.241.199.65",
              "20.241.199.78",
              "20.119.0.41"
            ],
            "possible_outbound_ip_addresses": "20.241.192.146,20.241.192.227,20.241.192.241,20.241.193.14,20.241.193.32,20.241.193.210,20.241.193.212,20.241.193.217,20.241.193.222,20.241.193.226,20.241.193.242,20.241.194.42,20.241.194.84,20.241.196.146,20.241.196.254,20.241.197.35,20.241.197.251,20.241.198.10,20.241.198.68,20.241.198.99,20.241.198.124,20.241.198.129,20.124.149.219,20.241.198.201,20.241.198.237,20.241.198.241,20.241.199.5,20.241.199.59,20.241.199.65,20.241.199.78,20.119.0.41",
            "public_network_access_enabled": true,
            "resource_group_name": "rg-epam-app-dev",
            "service_plan_id": "/subscriptions/92808db3-50ab-4683-aa51-6e143207670b/resourceGroups/rg-epam-app-dev/providers/Microsoft.Web/serverFarms/epam-app-plan",
            "site_config": [
              {
                "always_on": true,
                "api_definition_url": "",
                "api_management_api_id": "",
                "app_command_line": "",
                "application_stack": [
                  {
                    "current_stack": "",
                    "docker_container_name": "",
                    "docker_container_registry": "",
                    "docker_container_tag": "",
                    "docker_image_name": "",
                    "docker_registry_password": "",
                    "docker_registry_url": "",
                    "docker_registry_username": "",
                    "dotnet_core_version": "",
                    "dotnet_version": "v4.0",
                    "java_container": "",
                    "java_container_version": "",
                    "java_embedded_server_enabled": false,
                    "java_version": "",
                    "node_version": "",
                    "php_version": "5.6",
                    "python": false,
                    "python_version": "",
                    "tomcat_version": ""
                  }
                ],
                "auto_heal_enabled": false,
                "auto_heal_setting": [],
                "container_registry_managed_identity_client_id": "",
                "container_registry_use_managed_identity": false,
                "cors": [],
                "default_documents": [
                  "Default.htm",
                  "Default.html",
                  "Default.asp",
                  "index.htm",
                  "index.html",
                  "iisstart.htm",
                  "default.aspx",
                  "index.php",
                  "hostingstart.html"
                ],
                "detailed_error_logging_enabled": false,
                "ftps_state": "Disabled",
                "health_check_eviction_time_in_min": 0,
                "health_check_path": "",
                "http2_enabled": false,
                "ip_restriction": [],
                "ip_restriction_default_action": "Allow",
                "linux_fx_version": "",
                "load_balancing_mode": "LeastRequests",
                "local_mysql_enabled": false,
                "managed_pipeline_mode": "Integrated",
                "minimum_tls_version": "1.2",
                "remote_debugging_enabled": false,
                "remote_debugging_version": "VS2022",
                "scm_ip_restriction": [],
                "scm_ip_restriction_default_action": "Allow",
                "scm_minimum_tls_version": "1.2",
                "scm_type": "None",
                "scm_use_main_ip_restriction": false,
                "use_32_bit_worker": true,
                "virtual_application": [],
                "vnet_route_all_enabled": false,
                "websockets_enabled": false,
                "windows_fx_version": "",
                "worker_count": 1
              }
            ],
            "site_credential": [
              {
                "name": "$epam-app-web1",
                "password": "7itfZgNqizWzLewZxZ31n1M8Q1q4cR9pWE0ZjdEtBEyvGzxet5acSWxQMRu0"
              }
            ],
            "sticky_settings": [],
            "storage_account": [],
            "tags": null,
            "timeouts": null,
            "virtual_network_subnet_id": "",
            "webdeploy_publish_basic_authentication_enabled": true,
            "zip_deploy_file": ""
          },
          "sensitive_attributes": [
            [
              {
                "type": "get_attr",
                "value": "connection_string"
              }
            ]
          ],
          "private": "eyJlMmJmYjczMC1lY2FhLTExZTYtOGY4OC0zNDM2M2JjN2M0YzAiOnsiY3JlYXRlIjoxODAwMDAwMDAwMDAwLCJkZWxldGUiOjE4MDAwMDAwMDAwMDAsInJlYWQiOjMwMDAwMDAwMDAwMCwidXBkYXRlIjoxODAwMDAwMDAwMDAwfSwic2NoZW1hX3ZlcnNpb24iOiIxIn0=",
          "dependencies": [
            "azurerm_resource_group.rg-epam-dev",
            "data.azurerm_key_vault.keyvault",
            "data.azurerm_key_vault_secret.sql_connection_string",
            "module.key-vault.azurerm_key_vault.key-vault",
            "module.key-vault.azurerm_key_vault_secret.sql_admin_secret",
            "module.key-vault.data.azurerm_client_config.current",
            "module.key-vault.random_password.sql_admin_password",
            "module.sqldb-epam-dev.azurerm_mssql_database.sqldb-epam-dev",
            "module.sqldb-epam-dev.azurerm_mssql_firewall_rule.allow_azure_services",
            "module.sqldb-epam-dev.azurerm_mssql_firewall_rule.allow_specific_ips",
            "module.sqldb-epam-dev.azurerm_mssql_server.sqlserver-epam-dev",
            "module.web-app.azurerm_service_plan.asp1"
          ]
        }
      ]
    }
  ],
  "check_results": null
}
